// !$*UTF8*$!
{
	archiveVersion = 1;
	classes = {
	};
	objectVersion = 50;
	objects = {

/* Begin PBXBuildFile section */
		972DCBBA25BE574A00372920 /* mellowApp.swift in Sources */ = {isa = PBXBuildFile; fileRef = 972DCBB925BE574A00372920 /* mellowApp.swift */; };
		972DCBBC25BE574A00372920 /* ContentView.swift in Sources */ = {isa = PBXBuildFile; fileRef = 972DCBBB25BE574A00372920 /* ContentView.swift */; };
		972DCBBE25BE574A00372920 /* Assets.xcassets in Resources */ = {isa = PBXBuildFile; fileRef = 972DCBBD25BE574A00372920 /* Assets.xcassets */; };
		972DCBC125BE574A00372920 /* Preview Assets.xcassets in Resources */ = {isa = PBXBuildFile; fileRef = 972DCBC025BE574A00372920 /* Preview Assets.xcassets */; };
		972DCBCC25BE574A00372920 /* mellowTests.swift in Sources */ = {isa = PBXBuildFile; fileRef = 972DCBCB25BE574A00372920 /* mellowTests.swift */; };
		972DCBD725BE574A00372920 /* mellowUITests.swift in Sources */ = {isa = PBXBuildFile; fileRef = 972DCBD625BE574A00372920 /* mellowUITests.swift */; };
/* End PBXBuildFile section */

/* Begin PBXContainerItemProxy section */
		972DCBC825BE574A00372920 /* PBXContainerItemProxy */ = {
			isa = PBXContainerItemProxy;
			containerPortal = 972DCBAE25BE574900372920 /* Project object */;
			proxyType = 1;
			remoteGlobalIDString = 972DCBB525BE574A00372920;
			remoteInfo = mellow;
		};
		972DCBD325BE574A00372920 /* PBXContainerItemProxy */ = {
			isa = PBXContainerItemProxy;
			containerPortal = 972DCBAE25BE574900372920 /* Project object */;
			proxyType = 1;
			remoteGlobalIDString = 972DCBB525BE574A00372920;
			remoteInfo = mellow;
		};
/* End PBXContainerItemProxy section */

/* Begin PBXFileReference section */
		972DCBB625BE574A00372920 /* mellow.app */ = {isa = PBXFileReference; explicitFileType = wrapper.application; includeInIndex = 0; path = mellow.app; sourceTree = BUILT_PRODUCTS_DIR; };
		972DCBB925BE574A00372920 /* mellowApp.swift */ = {isa = PBXFileReference; lastKnownFileType = sourcecode.swift; path = mellowApp.swift; sourceTree = "<group>"; };
		972DCBBB25BE574A00372920 /* ContentView.swift */ = {isa = PBXFileReference; lastKnownFileType = sourcecode.swift; path = ContentView.swift; sourceTree = "<group>"; };
		972DCBBD25BE574A00372920 /* Assets.xcassets */ = {isa = PBXFileReference; lastKnownFileType = folder.assetcatalog; path = Assets.xcassets; sourceTree = "<group>"; };
		972DCBC025BE574A00372920 /* Preview Assets.xcassets */ = {isa = PBXFileReference; lastKnownFileType = folder.assetcatalog; path = "Preview Assets.xcassets"; sourceTree = "<group>"; };
		972DCBC225BE574A00372920 /* Info.plist */ = {isa = PBXFileReference; lastKnownFileType = text.plist.xml; path = Info.plist; sourceTree = "<group>"; };
		972DCBC725BE574A00372920 /* mellowTests.xctest */ = {isa = PBXFileReference; explicitFileType = wrapper.cfbundle; includeInIndex = 0; path = mellowTests.xctest; sourceTree = BUILT_PRODUCTS_DIR; };
		972DCBCB25BE574A00372920 /* mellowTests.swift */ = {isa = PBXFileReference; lastKnownFileType = sourcecode.swift; path = mellowTests.swift; sourceTree = "<group>"; };
		972DCBCD25BE574A00372920 /* Info.plist */ = {isa = PBXFileReference; lastKnownFileType = text.plist.xml; path = Info.plist; sourceTree = "<group>"; };
		972DCBD225BE574A00372920 /* mellowUITests.xctest */ = {isa = PBXFileReference; explicitFileType = wrapper.cfbundle; includeInIndex = 0; path = mellowUITests.xctest; sourceTree = BUILT_PRODUCTS_DIR; };
		972DCBD625BE574A00372920 /* mellowUITests.swift */ = {isa = PBXFileReference; lastKnownFileType = sourcecode.swift; path = mellowUITests.swift; sourceTree = "<group>"; };
		972DCBD825BE574A00372920 /* Info.plist */ = {isa = PBXFileReference; lastKnownFileType = text.plist.xml; path = Info.plist; sourceTree = "<group>"; };
/* End PBXFileReference section */

/* Begin PBXFrameworksBuildPhase section */
		972DCBB325BE574A00372920 /* Frameworks */ = {
			isa = PBXFrameworksBuildPhase;
			buildActionMask = 2147483647;
			files = (
			);
			runOnlyForDeploymentPostprocessing = 0;
		};
		972DCBC425BE574A00372920 /* Frameworks */ = {
			isa = PBXFrameworksBuildPhase;
			buildActionMask = 2147483647;
			files = (
			);
			runOnlyForDeploymentPostprocessing = 0;
		};
		972DCBCF25BE574A00372920 /* Frameworks */ = {
			isa = PBXFrameworksBuildPhase;
			buildActionMask = 2147483647;
			files = (
			);
			runOnlyForDeploymentPostprocessing = 0;
		};
/* End PBXFrameworksBuildPhase section */

/* Begin PBXGroup section */
		972DCBAD25BE574900372920 = {
			isa = PBXGroup;
			children = (
				972DCBB825BE574A00372920 /* mellow */,
				972DCBCA25BE574A00372920 /* mellowTests */,
				972DCBD525BE574A00372920 /* mellowUITests */,
				972DCBB725BE574A00372920 /* Products */,
			);
			sourceTree = "<group>";
		};
		972DCBB725BE574A00372920 /* Products */ = {
			isa = PBXGroup;
			children = (
				972DCBB625BE574A00372920 /* mellow.app */,
				972DCBC725BE574A00372920 /* mellowTests.xctest */,
				972DCBD225BE574A00372920 /* mellowUITests.xctest */,
			);
			name = Products;
			sourceTree = "<group>";
		};
		972DCBB825BE574A00372920 /* mellow */ = {
			isa = PBXGroup;
			children = (
				972DCBB925BE574A00372920 /* mellowApp.swift */,
				972DCBBB25BE574A00372920 /* ContentView.swift */,
				972DCBBD25BE574A00372920 /* Assets.xcassets */,
				972DCBC225BE574A00372920 /* Info.plist */,
				972DCBBF25BE574A00372920 /* Preview Content */,
			);
			path = mellow;
			sourceTree = "<group>";
		};
		972DCBBF25BE574A00372920 /* Preview Content */ = {
			isa = PBXGroup;
			children = (
				972DCBC025BE574A00372920 /* Preview Assets.xcassets */,
			);
			path = "Preview Content";
			sourceTree = "<group>";
		};
		972DCBCA25BE574A00372920 /* mellowTests */ = {
			isa = PBXGroup;
			children = (
				972DCBCB25BE574A00372920 /* mellowTests.swift */,
				972DCBCD25BE574A00372920 /* Info.plist */,
			);
			path = mellowTests;
			sourceTree = "<group>";
		};
		972DCBD525BE574A00372920 /* mellowUITests */ = {
			isa = PBXGroup;
			children = (
				972DCBD625BE574A00372920 /* mellowUITests.swift */,
				972DCBD825BE574A00372920 /* Info.plist */,
			);
			path = mellowUITests;
			sourceTree = "<group>";
		};
/* End PBXGroup section */

/* Begin PBXNativeTarget section */
		972DCBB525BE574A00372920 /* mellow */ = {
			isa = PBXNativeTarget;
			buildConfigurationList = 972DCBDB25BE574A00372920 /* Build configuration list for PBXNativeTarget "mellow" */;
			buildPhases = (
				972DCBB225BE574A00372920 /* Sources */,
				972DCBB325BE574A00372920 /* Frameworks */,
				972DCBB425BE574A00372920 /* Resources */,
			);
			buildRules = (
			);
			dependencies = (
			);
			name = mellow;
			productName = mellow;
			productReference = 972DCBB625BE574A00372920 /* mellow.app */;
			productType = "com.apple.product-type.application";
		};
		972DCBC625BE574A00372920 /* mellowTests */ = {
			isa = PBXNativeTarget;
			buildConfigurationList = 972DCBDE25BE574A00372920 /* Build configuration list for PBXNativeTarget "mellowTests" */;
			buildPhases = (
				972DCBC325BE574A00372920 /* Sources */,
				972DCBC425BE574A00372920 /* Frameworks */,
				972DCBC525BE574A00372920 /* Resources */,
			);
			buildRules = (
			);
			dependencies = (
				972DCBC925BE574A00372920 /* PBXTargetDependency */,
			);
			name = mellowTests;
			productName = mellowTests;
			productReference = 972DCBC725BE574A00372920 /* mellowTests.xctest */;
			productType = "com.apple.product-type.bundle.unit-test";
		};
		972DCBD125BE574A00372920 /* mellowUITests */ = {
			isa = PBXNativeTarget;
			buildConfigurationList = 972DCBE125BE574A00372920 /* Build configuration list for PBXNativeTarget "mellowUITests" */;
			buildPhases = (
				972DCBCE25BE574A00372920 /* Sources */,
				972DCBCF25BE574A00372920 /* Frameworks */,
				972DCBD025BE574A00372920 /* Resources */,
			);
			buildRules = (
			);
			dependencies = (
				972DCBD425BE574A00372920 /* PBXTargetDependency */,
			);
			name = mellowUITests;
			productName = mellowUITests;
			productReference = 972DCBD225BE574A00372920 /* mellowUITests.xctest */;
			productType = "com.apple.product-type.bundle.ui-testing";
		};
/* End PBXNativeTarget section */

/* Begin PBXProject section */
		972DCBAE25BE574900372920 /* Project object */ = {
			isa = PBXProject;
			attributes = {
				LastSwiftUpdateCheck = 1230;
				LastUpgradeCheck = 1230;
				TargetAttributes = {
					972DCBB525BE574A00372920 = {
						CreatedOnToolsVersion = 12.3;
					};
					972DCBC625BE574A00372920 = {
						CreatedOnToolsVersion = 12.3;
						TestTargetID = 972DCBB525BE574A00372920;
					};
					972DCBD125BE574A00372920 = {
						CreatedOnToolsVersion = 12.3;
						TestTargetID = 972DCBB525BE574A00372920;
					};
				};
			};
			buildConfigurationList = 972DCBB125BE574900372920 /* Build configuration list for PBXProject "mellow" */;
			compatibilityVersion = "Xcode 9.3";
			developmentRegion = en;
			hasScannedForEncodings = 0;
			knownRegions = (
				en,
				Base,
			);
			mainGroup = 972DCBAD25BE574900372920;
			productRefGroup = 972DCBB725BE574A00372920 /* Products */;
			projectDirPath = "";
			projectRoot = "";
			targets = (
				972DCBB525BE574A00372920 /* mellow */,
				972DCBC625BE574A00372920 /* mellowTests */,
				972DCBD125BE574A00372920 /* mellowUITests */,
			);
		};
/* End PBXProject section */

/* Begin PBXResourcesBuildPhase section */
		972DCBB425BE574A00372920 /* Resources */ = {
			isa = PBXResourcesBuildPhase;
			buildActionMask = 2147483647;
			files = (
				972DCBC125BE574A00372920 /* Preview Assets.xcassets in Resources */,
				972DCBBE25BE574A00372920 /* Assets.xcassets in Resources */,
			);
			runOnlyForDeploymentPostprocessing = 0;
		};
		972DCBC525BE574A00372920 /* Resources */ = {
			isa = PBXResourcesBuildPhase;
			buildActionMask = 2147483647;
			files = (
			);
			runOnlyForDeploymentPostprocessing = 0;
		};
		972DCBD025BE574A00372920 /* Resources */ = {
			isa = PBXResourcesBuildPhase;
			buildActionMask = 2147483647;
			files = (
			);
			runOnlyForDeploymentPostprocessing = 0;
		};
/* End PBXResourcesBuildPhase section */

/* Begin PBXSourcesBuildPhase section */
		972DCBB225BE574A00372920 /* Sources */ = {
			isa = PBXSourcesBuildPhase;
			buildActionMask = 2147483647;
			files = (
				972DCBBC25BE574A00372920 /* ContentView.swift in Sources */,
				972DCBBA25BE574A00372920 /* mellowApp.swift in Sources */,
			);
			runOnlyForDeploymentPostprocessing = 0;
		};
		972DCBC325BE574A00372920 /* Sources */ = {
			isa = PBXSourcesBuildPhase;
			buildActionMask = 2147483647;
			files = (
				972DCBCC25BE574A00372920 /* mellowTests.swift in Sources */,
			);
			runOnlyForDeploymentPostprocessing = 0;
		};
		972DCBCE25BE574A00372920 /* Sources */ = {
			isa = PBXSourcesBuildPhase;
			buildActionMask = 2147483647;
			files = (
				972DCBD725BE574A00372920 /* mellowUITests.swift in Sources */,
			);
			runOnlyForDeploymentPostprocessing = 0;
		};
/* End PBXSourcesBuildPhase section */

/* Begin PBXTargetDependency section */
		972DCBC925BE574A00372920 /* PBXTargetDependency */ = {
			isa = PBXTargetDependency;
			target = 972DCBB525BE574A00372920 /* mellow */;
			targetProxy = 972DCBC825BE574A00372920 /* PBXContainerItemProxy */;
		};
		972DCBD425BE574A00372920 /* PBXTargetDependency */ = {
			isa = PBXTargetDependency;
			target = 972DCBB525BE574A00372920 /* mellow */;
			targetProxy = 972DCBD325BE574A00372920 /* PBXContainerItemProxy */;
		};
/* End PBXTargetDependency section */

/* Begin XCBuildConfiguration section */
		972DCBD925BE574A00372920 /* Debug */ = {
			isa = XCBuildConfiguration;
			buildSettings = {
				ALWAYS_SEARCH_USER_PATHS = NO;
				CLANG_ANALYZER_NONNULL = YES;
				CLANG_ANALYZER_NUMBER_OBJECT_CONVERSION = YES_AGGRESSIVE;
				CLANG_CXX_LANGUAGE_STANDARD = "gnu++14";
				CLANG_CXX_LIBRARY = "libc++";
				CLANG_ENABLE_MODULES = YES;
				CLANG_ENABLE_OBJC_ARC = YES;
				CLANG_ENABLE_OBJC_WEAK = YES;
				CLANG_WARN_BLOCK_CAPTURE_AUTORELEASING = YES;
				CLANG_WARN_BOOL_CONVERSION = YES;
				CLANG_WARN_COMMA = YES;
				CLANG_WARN_CONSTANT_CONVERSION = YES;
				CLANG_WARN_DEPRECATED_OBJC_IMPLEMENTATIONS = YES;
				CLANG_WARN_DIRECT_OBJC_ISA_USAGE = YES_ERROR;
				CLANG_WARN_DOCUMENTATION_COMMENTS = YES;
				CLANG_WARN_EMPTY_BODY = YES;
				CLANG_WARN_ENUM_CONVERSION = YES;
				CLANG_WARN_INFINITE_RECURSION = YES;
				CLANG_WARN_INT_CONVERSION = YES;
				CLANG_WARN_NON_LITERAL_NULL_CONVERSION = YES;
				CLANG_WARN_OBJC_IMPLICIT_RETAIN_SELF = YES;
				CLANG_WARN_OBJC_LITERAL_CONVERSION = YES;
				CLANG_WARN_OBJC_ROOT_CLASS = YES_ERROR;
				CLANG_WARN_QUOTED_INCLUDE_IN_FRAMEWORK_HEADER = YES;
				CLANG_WARN_RANGE_LOOP_ANALYSIS = YES;
				CLANG_WARN_STRICT_PROTOTYPES = YES;
				CLANG_WARN_SUSPICIOUS_MOVE = YES;
				CLANG_WARN_UNGUARDED_AVAILABILITY = YES_AGGRESSIVE;
				CLANG_WARN_UNREACHABLE_CODE = YES;
				CLANG_WARN__DUPLICATE_METHOD_MATCH = YES;
				COPY_PHASE_STRIP = NO;
				DEBUG_INFORMATION_FORMAT = dwarf;
				ENABLE_STRICT_OBJC_MSGSEND = YES;
				ENABLE_TESTABILITY = YES;
				GCC_C_LANGUAGE_STANDARD = gnu11;
				GCC_DYNAMIC_NO_PIC = NO;
				GCC_NO_COMMON_BLOCKS = YES;
				GCC_OPTIMIZATION_LEVEL = 0;
				GCC_PREPROCESSOR_DEFINITIONS = (
					"DEBUG=1",
					"$(inherited)",
				);
				GCC_WARN_64_TO_32_BIT_CONVERSION = YES;
				GCC_WARN_ABOUT_RETURN_TYPE = YES_ERROR;
				GCC_WARN_UNDECLARED_SELECTOR = YES;
				GCC_WARN_UNINITIALIZED_AUTOS = YES_AGGRESSIVE;
				GCC_WARN_UNUSED_FUNCTION = YES;
				GCC_WARN_UNUSED_VARIABLE = YES;
				IPHONEOS_DEPLOYMENT_TARGET = 14.3;
				MTL_ENABLE_DEBUG_INFO = INCLUDE_SOURCE;
				MTL_FAST_MATH = YES;
				ONLY_ACTIVE_ARCH = YES;
				SDKROOT = iphoneos;
				SWIFT_ACTIVE_COMPILATION_CONDITIONS = DEBUG;
				SWIFT_OPTIMIZATION_LEVEL = "-Onone";
			};
			name = Debug;
		};
		972DCBDA25BE574A00372920 /* Release */ = {
			isa = XCBuildConfiguration;
			buildSettings = {
				ALWAYS_SEARCH_USER_PATHS = NO;
				CLANG_ANALYZER_NONNULL = YES;
				CLANG_ANALYZER_NUMBER_OBJECT_CONVERSION = YES_AGGRESSIVE;
				CLANG_CXX_LANGUAGE_STANDARD = "gnu++14";
				CLANG_CXX_LIBRARY = "libc++";
				CLANG_ENABLE_MODULES = YES;
				CLANG_ENABLE_OBJC_ARC = YES;
				CLANG_ENABLE_OBJC_WEAK = YES;
				CLANG_WARN_BLOCK_CAPTURE_AUTORELEASING = YES;
				CLANG_WARN_BOOL_CONVERSION = YES;
				CLANG_WARN_COMMA = YES;
				CLANG_WARN_CONSTANT_CONVERSION = YES;
				CLANG_WARN_DEPRECATED_OBJC_IMPLEMENTATIONS = YES;
				CLANG_WARN_DIRECT_OBJC_ISA_USAGE = YES_ERROR;
				CLANG_WARN_DOCUMENTATION_COMMENTS = YES;
				CLANG_WARN_EMPTY_BODY = YES;
				CLANG_WARN_ENUM_CONVERSION = YES;
				CLANG_WARN_INFINITE_RECURSION = YES;
				CLANG_WARN_INT_CONVERSION = YES;
				CLANG_WARN_NON_LITERAL_NULL_CONVERSION = YES;
				CLANG_WARN_OBJC_IMPLICIT_RETAIN_SELF = YES;
				CLANG_WARN_OBJC_LITERAL_CONVERSION = YES;
				CLANG_WARN_OBJC_ROOT_CLASS = YES_ERROR;
				CLANG_WARN_QUOTED_INCLUDE_IN_FRAMEWORK_HEADER = YES;
				CLANG_WARN_RANGE_LOOP_ANALYSIS = YES;
				CLANG_WARN_STRICT_PROTOTYPES = YES;
				CLANG_WARN_SUSPICIOUS_MOVE = YES;
				CLANG_WARN_UNGUARDED_AVAILABILITY = YES_AGGRESSIVE;
				CLANG_WARN_UNREACHABLE_CODE = YES;
				CLANG_WARN__DUPLICATE_METHOD_MATCH = YES;
				COPY_PHASE_STRIP = NO;
				DEBUG_INFORMATION_FORMAT = "dwarf-with-dsym";
				ENABLE_NS_ASSERTIONS = NO;
				ENABLE_STRICT_OBJC_MSGSEND = YES;
				GCC_C_LANGUAGE_STANDARD = gnu11;
				GCC_NO_COMMON_BLOCKS = YES;
				GCC_WARN_64_TO_32_BIT_CONVERSION = YES;
				GCC_WARN_ABOUT_RETURN_TYPE = YES_ERROR;
				GCC_WARN_UNDECLARED_SELECTOR = YES;
				GCC_WARN_UNINITIALIZED_AUTOS = YES_AGGRESSIVE;
				GCC_WARN_UNUSED_FUNCTION = YES;
				GCC_WARN_UNUSED_VARIABLE = YES;
				IPHONEOS_DEPLOYMENT_TARGET = 14.3;
				MTL_ENABLE_DEBUG_INFO = NO;
				MTL_FAST_MATH = YES;
				SDKROOT = iphoneos;
				SWIFT_COMPILATION_MODE = wholemodule;
				SWIFT_OPTIMIZATION_LEVEL = "-O";
				VALIDATE_PRODUCT = YES;
			};
			name = Release;
		};
		972DCBDC25BE574A00372920 /* Debug */ = {
			isa = XCBuildConfiguration;
			buildSettings = {
				ASSETCATALOG_COMPILER_APPICON_NAME = AppIcon;
				ASSETCATALOG_COMPILER_GLOBAL_ACCENT_COLOR_NAME = AccentColor;
				CODE_SIGN_STYLE = Automatic;
				DEVELOPMENT_ASSET_PATHS = "\"mellow/Preview Content\"";
				DEVELOPMENT_TEAM = NZ84FZ369R;
				ENABLE_PREVIEWS = YES;
				INFOPLIST_FILE = mellow/Info.plist;
				IPHONEOS_DEPLOYMENT_TARGET = 14.0;
				LD_RUNPATH_SEARCH_PATHS = (
					"$(inherited)",
					"@executable_path/Frameworks",
				);
				PRODUCT_BUNDLE_IDENTIFIER = mellow.mellow;
				PRODUCT_NAME = "$(TARGET_NAME)";
				SWIFT_VERSION = 5.0;
				TARGETED_DEVICE_FAMILY = "1,2";
			};
			name = Debug;
		};
		972DCBDD25BE574A00372920 /* Release */ = {
			isa = XCBuildConfiguration;
			buildSettings = {
				ASSETCATALOG_COMPILER_APPICON_NAME = AppIcon;
				ASSETCATALOG_COMPILER_GLOBAL_ACCENT_COLOR_NAME = AccentColor;
				CODE_SIGN_STYLE = Automatic;
				DEVELOPMENT_ASSET_PATHS = "\"mellow/Preview Content\"";
				DEVELOPMENT_TEAM = NZ84FZ369R;
				ENABLE_PREVIEWS = YES;
				INFOPLIST_FILE = mellow/Info.plist;
				IPHONEOS_DEPLOYMENT_TARGET = 14.0;
				LD_RUNPATH_SEARCH_PATHS = (
					"$(inherited)",
					"@executable_path/Frameworks",
				);
				PRODUCT_BUNDLE_IDENTIFIER = mellow.mellow;
				PRODUCT_NAME = "$(TARGET_NAME)";
				SWIFT_VERSION = 5.0;
				TARGETED_DEVICE_FAMILY = "1,2";
			};
			name = Release;
		};
		972DCBDF25BE574A00372920 /* Debug */ = {
			isa = XCBuildConfiguration;
			buildSettings = {
				ALWAYS_EMBED_SWIFT_STANDARD_LIBRARIES = YES;
				BUNDLE_LOADER = "$(TEST_HOST)";
				CODE_SIGN_STYLE = Automatic;
				DEVELOPMENT_TEAM = NZ84FZ369R;
				INFOPLIST_FILE = mellowTests/Info.plist;
				IPHONEOS_DEPLOYMENT_TARGET = 14.0;
				LD_RUNPATH_SEARCH_PATHS = (
					"$(inherited)",
					"@executable_path/Frameworks",
					"@loader_path/Frameworks",
				);
				PRODUCT_BUNDLE_IDENTIFIER = mellow.mellowTests;
				PRODUCT_NAME = "$(TARGET_NAME)";
				SWIFT_VERSION = 5.0;
				TARGETED_DEVICE_FAMILY = "1,2";
				TEST_HOST = "$(BUILT_PRODUCTS_DIR)/mellow.app/mellow";
			};
			name = Debug;
		};
		972DCBE025BE574A00372920 /* Release */ = {
			isa = XCBuildConfiguration;
			buildSettings = {
				ALWAYS_EMBED_SWIFT_STANDARD_LIBRARIES = YES;
				BUNDLE_LOADER = "$(TEST_HOST)";
				CODE_SIGN_STYLE = Automatic;
				DEVELOPMENT_TEAM = NZ84FZ369R;
				INFOPLIST_FILE = mellowTests/Info.plist;
				IPHONEOS_DEPLOYMENT_TARGET = 14.0;
				LD_RUNPATH_SEARCH_PATHS = (
					"$(inherited)",
					"@executable_path/Frameworks",
					"@loader_path/Frameworks",
				);
				PRODUCT_BUNDLE_IDENTIFIER = mellow.mellowTests;
				PRODUCT_NAME = "$(TARGET_NAME)";
				SWIFT_VERSION = 5.0;
				TARGETED_DEVICE_FAMILY = "1,2";
				TEST_HOST = "$(BUILT_PRODUCTS_DIR)/mellow.app/mellow";
			};
			name = Release;
		};
		972DCBE225BE574A00372920 /* Debug */ = {
			isa = XCBuildConfiguration;
			buildSettings = {
				ALWAYS_EMBED_SWIFT_STANDARD_LIBRARIES = YES;
				CODE_SIGN_STYLE = Automatic;
				DEVELOPMENT_TEAM = NZ84FZ369R;
				INFOPLIST_FILE = mellowUITests/Info.plist;
				LD_RUNPATH_SEARCH_PATHS = (
					"$(inherited)",
					"@executable_path/Frameworks",
					"@loader_path/Frameworks",
				);
				PRODUCT_BUNDLE_IDENTIFIER = mellow.mellowUITests;
				PRODUCT_NAME = "$(TARGET_NAME)";
				SWIFT_VERSION = 5.0;
				TARGETED_DEVICE_FAMILY = "1,2";
				TEST_TARGET_NAME = mellow;
			};
			name = Debug;
		};
		972DCBE325BE574A00372920 /* Release */ = {
			isa = XCBuildConfiguration;
			buildSettings = {
				ALWAYS_EMBED_SWIFT_STANDARD_LIBRARIES = YES;
				CODE_SIGN_STYLE = Automatic;
				DEVELOPMENT_TEAM = NZ84FZ369R;
				INFOPLIST_FILE = mellowUITests/Info.plist;
				LD_RUNPATH_SEARCH_PATHS = (
					"$(inherited)",
					"@executable_path/Frameworks",
					"@loader_path/Frameworks",
				);
				PRODUCT_BUNDLE_IDENTIFIER = mellow.mellowUITests;
				PRODUCT_NAME = "$(TARGET_NAME)";
				SWIFT_VERSION = 5.0;
				TARGETED_DEVICE_FAMILY = "1,2";
				TEST_TARGET_NAME = mellow;
			};
			name = Release;
		};
/* End XCBuildConfiguration section */

/* Begin XCConfigurationList section */
		972DCBB125BE574900372920 /* Build configuration list for PBXProject "mellow" */ = {
			isa = XCConfigurationList;
			buildConfigurations = (
				972DCBD925BE574A00372920 /* Debug */,
				972DCBDA25BE574A00372920 /* Release */,
			);
			defaultConfigurationIsVisible = 0;
			defaultConfigurationName = Release;
		};
		972DCBDB25BE574A00372920 /* Build configuration list for PBXNativeTarget "mellow" */ = {
			isa = XCConfigurationList;
			buildConfigurations = (
				972DCBDC25BE574A00372920 /* Debug */,
				972DCBDD25BE574A00372920 /* Release */,
			);
			defaultConfigurationIsVisible = 0;
			defaultConfigurationName = Release;
		};
		972DCBDE25BE574A00372920 /* Build configuration list for PBXNativeTarget "mellowTests" */ = {
			isa = XCConfigurationList;
			buildConfigurations = (
				972DCBDF25BE574A00372920 /* Debug */,
				972DCBE025BE574A00372920 /* Release */,
			);
			defaultConfigurationIsVisible = 0;
			defaultConfigurationName = Release;
		};
		972DCBE125BE574A00372920 /* Build configuration list for PBXNativeTarget "mellowUITests" */ = {
			isa = XCConfigurationList;
			buildConfigurations = (
				972DCBE225BE574A00372920 /* Debug */,
				972DCBE325BE574A00372920 /* Release */,
			);
			defaultConfigurationIsVisible = 0;
			defaultConfigurationName = Release;
		};
/* End XCConfigurationList section */
	};
	rootObject = 972DCBAE25BE574900372920 /* Project object */;
}
